// !$*UTF8*$!
{
	archiveVersion = 1;
	classes = {
	};
	objectVersion = 46;
	objects = {

/* Begin PBXBuildFile section */
		1EA533A71AAAB34F003C3541 /* main.m in Sources */ = {isa = PBXBuildFile; fileRef = 1EA533A61AAAB34F003C3541 /* main.m */; };
		1EA533AA1AAAB34F003C3541 /* AppDelegate.m in Sources */ = {isa = PBXBuildFile; fileRef = 1EA533A91AAAB34F003C3541 /* AppDelegate.m */; };
		1EA533B01AAAB34F003C3541 /* Main.storyboard in Resources */ = {isa = PBXBuildFile; fileRef = 1EA533AE1AAAB34F003C3541 /* Main.storyboard */; };
		1EA533B21AAAB34F003C3541 /* Images.xcassets in Resources */ = {isa = PBXBuildFile; fileRef = 1EA533B11AAAB34F003C3541 /* Images.xcassets */; };
		1EA533B51AAAB34F003C3541 /* LaunchScreen.xib in Resources */ = {isa = PBXBuildFile; fileRef = 1EA533B31AAAB34F003C3541 /* LaunchScreen.xib */; };
		1EA533C11AAAB34F003C3541 /* JSGraphKitTests.m in Sources */ = {isa = PBXBuildFile; fileRef = 1EA533C01AAAB34F003C3541 /* JSGraphKitTests.m */; };
		1EA533D81AAAB37E003C3541 /* ViewController.m in Sources */ = {isa = PBXBuildFile; fileRef = 1EA533CB1AAAB37E003C3541 /* ViewController.m */; };
		1EA533D91AAAB37E003C3541 /* JSGraphView.m in Sources */ = {isa = PBXBuildFile; fileRef = 1EA533CD1AAAB37E003C3541 /* JSGraphView.m */; };
		1EA533DA1AAAB37E003C3541 /* JSPlot.m in Sources */ = {isa = PBXBuildFile; fileRef = 1EA533CF1AAAB37E003C3541 /* JSPlot.m */; };
		1EA533DB1AAAB37E003C3541 /* JSLegend.m in Sources */ = {isa = PBXBuildFile; fileRef = 1EA533D11AAAB37E003C3541 /* JSLegend.m */; };
		1EA533DC1AAAB37E003C3541 /* JSScatterPlot.m in Sources */ = {isa = PBXBuildFile; fileRef = 1EA533D31AAAB37E003C3541 /* JSScatterPlot.m */; };
		1EA533DD1AAAB37E003C3541 /* JSBarPlot.m in Sources */ = {isa = PBXBuildFile; fileRef = 1EA533D51AAAB37E003C3541 /* JSBarPlot.m */; };
		1EA533DE1AAAB37E003C3541 /* UIColor+JSGraphKit.m in Sources */ = {isa = PBXBuildFile; fileRef = 1EA533D71AAAB37E003C3541 /* UIColor+JSGraphKit.m */; };
/* End PBXBuildFile section */

/* Begin PBXContainerItemProxy section */
		1EA533BB1AAAB34F003C3541 /* PBXContainerItemProxy */ = {
			isa = PBXContainerItemProxy;
			containerPortal = 1EA533991AAAB34F003C3541 /* Project object */;
			proxyType = 1;
			remoteGlobalIDString = 1EA533A01AAAB34F003C3541;
			remoteInfo = JSGraphKit;
		};
/* End PBXContainerItemProxy section */

/* Begin PBXFileReference section */
		1EA533A11AAAB34F003C3541 /* JSGraphKit.app */ = {isa = PBXFileReference; explicitFileType = wrapper.application; includeInIndex = 0; path = JSGraphKit.app; sourceTree = BUILT_PRODUCTS_DIR; };
		1EA533A51AAAB34F003C3541 /* Info.plist */ = {isa = PBXFileReference; lastKnownFileType = text.plist.xml; path = Info.plist; sourceTree = "<group>"; };
		1EA533A61AAAB34F003C3541 /* main.m */ = {isa = PBXFileReference; lastKnownFileType = sourcecode.c.objc; path = main.m; sourceTree = "<group>"; };
		1EA533A81AAAB34F003C3541 /* AppDelegate.h */ = {isa = PBXFileReference; lastKnownFileType = sourcecode.c.h; path = AppDelegate.h; sourceTree = "<group>"; };
		1EA533A91AAAB34F003C3541 /* AppDelegate.m */ = {isa = PBXFileReference; lastKnownFileType = sourcecode.c.objc; path = AppDelegate.m; sourceTree = "<group>"; };
		1EA533AF1AAAB34F003C3541 /* Base */ = {isa = PBXFileReference; lastKnownFileType = file.storyboard; name = Base; path = Base.lproj/Main.storyboard; sourceTree = "<group>"; };
		1EA533B11AAAB34F003C3541 /* Images.xcassets */ = {isa = PBXFileReference; lastKnownFileType = folder.assetcatalog; path = Images.xcassets; sourceTree = "<group>"; };
		1EA533B41AAAB34F003C3541 /* Base */ = {isa = PBXFileReference; lastKnownFileType = file.xib; name = Base; path = Base.lproj/LaunchScreen.xib; sourceTree = "<group>"; };
		1EA533BA1AAAB34F003C3541 /* JSGraphKitTests.xctest */ = {isa = PBXFileReference; explicitFileType = wrapper.cfbundle; includeInIndex = 0; path = JSGraphKitTests.xctest; sourceTree = BUILT_PRODUCTS_DIR; };
		1EA533BF1AAAB34F003C3541 /* Info.plist */ = {isa = PBXFileReference; lastKnownFileType = text.plist.xml; path = Info.plist; sourceTree = "<group>"; };
		1EA533C01AAAB34F003C3541 /* JSGraphKitTests.m */ = {isa = PBXFileReference; lastKnownFileType = sourcecode.c.objc; path = JSGraphKitTests.m; sourceTree = "<group>"; };
		1EA533CA1AAAB37E003C3541 /* ViewController.h */ = {isa = PBXFileReference; fileEncoding = 4; lastKnownFileType = sourcecode.c.h; path = ViewController.h; sourceTree = "<group>"; };
		1EA533CB1AAAB37E003C3541 /* ViewController.m */ = {isa = PBXFileReference; fileEncoding = 4; lastKnownFileType = sourcecode.c.objc; path = ViewController.m; sourceTree = "<group>"; };
		1EA533CC1AAAB37E003C3541 /* JSGraphView.h */ = {isa = PBXFileReference; fileEncoding = 4; lastKnownFileType = sourcecode.c.h; path = JSGraphView.h; sourceTree = "<group>"; };
		1EA533CD1AAAB37E003C3541 /* JSGraphView.m */ = {isa = PBXFileReference; fileEncoding = 4; lastKnownFileType = sourcecode.c.objc; path = JSGraphView.m; sourceTree = "<group>"; };
		1EA533CE1AAAB37E003C3541 /* JSPlot.h */ = {isa = PBXFileReference; fileEncoding = 4; lastKnownFileType = sourcecode.c.h; path = JSPlot.h; sourceTree = "<group>"; };
		1EA533CF1AAAB37E003C3541 /* JSPlot.m */ = {isa = PBXFileReference; fileEncoding = 4; lastKnownFileType = sourcecode.c.objc; path = JSPlot.m; sourceTree = "<group>"; };
		1EA533D01AAAB37E003C3541 /* JSLegend.h */ = {isa = PBXFileReference; fileEncoding = 4; lastKnownFileType = sourcecode.c.h; path = JSLegend.h; sourceTree = "<group>"; };
		1EA533D11AAAB37E003C3541 /* JSLegend.m */ = {isa = PBXFileReference; fileEncoding = 4; lastKnownFileType = sourcecode.c.objc; path = JSLegend.m; sourceTree = "<group>"; };
		1EA533D21AAAB37E003C3541 /* JSScatterPlot.h */ = {isa = PBXFileReference; fileEncoding = 4; lastKnownFileType = sourcecode.c.h; path = JSScatterPlot.h; sourceTree = "<group>"; };
		1EA533D31AAAB37E003C3541 /* JSScatterPlot.m */ = {isa = PBXFileReference; fileEncoding = 4; lastKnownFileType = sourcecode.c.objc; path = JSScatterPlot.m; sourceTree = "<group>"; };
		1EA533D41AAAB37E003C3541 /* JSBarPlot.h */ = {isa = PBXFileReference; fileEncoding = 4; lastKnownFileType = sourcecode.c.h; path = JSBarPlot.h; sourceTree = "<group>"; };
		1EA533D51AAAB37E003C3541 /* JSBarPlot.m */ = {isa = PBXFileReference; fileEncoding = 4; lastKnownFileType = sourcecode.c.objc; path = JSBarPlot.m; sourceTree = "<group>"; };
		1EA533D61AAAB37E003C3541 /* UIColor+JSGraphKit.h */ = {isa = PBXFileReference; fileEncoding = 4; lastKnownFileType = sourcecode.c.h; path = "UIColor+JSGraphKit.h"; sourceTree = "<group>"; };
		1EA533D71AAAB37E003C3541 /* UIColor+JSGraphKit.m */ = {isa = PBXFileReference; fileEncoding = 4; lastKnownFileType = sourcecode.c.objc; path = "UIColor+JSGraphKit.m"; sourceTree = "<group>"; };
/* End PBXFileReference section */

/* Begin PBXFrameworksBuildPhase section */
		1EA5339E1AAAB34F003C3541 /* Frameworks */ = {
			isa = PBXFrameworksBuildPhase;
			buildActionMask = 2147483647;
			files = (
			);
			runOnlyForDeploymentPostprocessing = 0;
		};
		1EA533B71AAAB34F003C3541 /* Frameworks */ = {
			isa = PBXFrameworksBuildPhase;
			buildActionMask = 2147483647;
			files = (
			);
			runOnlyForDeploymentPostprocessing = 0;
		};
/* End PBXFrameworksBuildPhase section */

/* Begin PBXGroup section */
		1EA533981AAAB34F003C3541 = {
			isa = PBXGroup;
			children = (
				1EA533A31AAAB34F003C3541 /* JSGraphKit */,
				1EA533BD1AAAB34F003C3541 /* JSGraphKitTests */,
				1EA533A21AAAB34F003C3541 /* Products */,
			);
			sourceTree = "<group>";
		};
		1EA533A21AAAB34F003C3541 /* Products */ = {
			isa = PBXGroup;
			children = (
				1EA533A11AAAB34F003C3541 /* JSGraphKit.app */,
				1EA533BA1AAAB34F003C3541 /* JSGraphKitTests.xctest */,
			);
			name = Products;
			sourceTree = "<group>";
		};
		1EA533A31AAAB34F003C3541 /* JSGraphKit */ = {
			isa = PBXGroup;
			children = (
				1EA533A81AAAB34F003C3541 /* AppDelegate.h */,
				1EA533A91AAAB34F003C3541 /* AppDelegate.m */,
				1EA533CA1AAAB37E003C3541 /* ViewController.h */,
				1EA533CB1AAAB37E003C3541 /* ViewController.m */,
				1EA533DF1AAAB381003C3541 /* JSGraphKit */,
				1EA533AE1AAAB34F003C3541 /* Main.storyboard */,
				1EA533B11AAAB34F003C3541 /* Images.xcassets */,
				1EA533B31AAAB34F003C3541 /* LaunchScreen.xib */,
				1EA533A41AAAB34F003C3541 /* Supporting Files */,
			);
			path = JSGraphKit;
			sourceTree = "<group>";
		};
		1EA533A41AAAB34F003C3541 /* Supporting Files */ = {
			isa = PBXGroup;
			children = (
				1EA533A51AAAB34F003C3541 /* Info.plist */,
				1EA533A61AAAB34F003C3541 /* main.m */,
			);
			name = "Supporting Files";
			sourceTree = "<group>";
		};
		1EA533BD1AAAB34F003C3541 /* JSGraphKitTests */ = {
			isa = PBXGroup;
			children = (
				1EA533C01AAAB34F003C3541 /* JSGraphKitTests.m */,
				1EA533BE1AAAB34F003C3541 /* Supporting Files */,
			);
			path = JSGraphKitTests;
			sourceTree = "<group>";
		};
		1EA533BE1AAAB34F003C3541 /* Supporting Files */ = {
			isa = PBXGroup;
			children = (
				1EA533BF1AAAB34F003C3541 /* Info.plist */,
			);
			name = "Supporting Files";
			sourceTree = "<group>";
		};
		1EA533DF1AAAB381003C3541 /* JSGraphKit */ = {
			isa = PBXGroup;
			children = (
				1EA533CC1AAAB37E003C3541 /* JSGraphView.h */,
				1EA533CD1AAAB37E003C3541 /* JSGraphView.m */,
				1EA533E01AAAB38A003C3541 /* JSPlot */,
				1EA533D61AAAB37E003C3541 /* UIColor+JSGraphKit.h */,
				1EA533D71AAAB37E003C3541 /* UIColor+JSGraphKit.m */,
			);
			name = JSGraphKit;
			sourceTree = "<group>";
		};
		1EA533E01AAAB38A003C3541 /* JSPlot */ = {
			isa = PBXGroup;
			children = (
				1EA533CE1AAAB37E003C3541 /* JSPlot.h */,
				1EA533CF1AAAB37E003C3541 /* JSPlot.m */,
				1EA533D01AAAB37E003C3541 /* JSLegend.h */,
				1EA533D11AAAB37E003C3541 /* JSLegend.m */,
				1EA533E21AAAB399003C3541 /* Types */,
			);
			name = JSPlot;
			sourceTree = "<group>";
		};
		1EA533E21AAAB399003C3541 /* Types */ = {
			isa = PBXGroup;
			children = (
				1EA533D21AAAB37E003C3541 /* JSScatterPlot.h */,
				1EA533D31AAAB37E003C3541 /* JSScatterPlot.m */,
				1EA533D41AAAB37E003C3541 /* JSBarPlot.h */,
				1EA533D51AAAB37E003C3541 /* JSBarPlot.m */,
			);
			name = Types;
			sourceTree = "<group>";
		};
/* End PBXGroup section */

/* Begin PBXNativeTarget section */
		1EA533A01AAAB34F003C3541 /* JSGraphKit */ = {
			isa = PBXNativeTarget;
			buildConfigurationList = 1EA533C41AAAB34F003C3541 /* Build configuration list for PBXNativeTarget "JSGraphKit" */;
			buildPhases = (
				1EA5339D1AAAB34F003C3541 /* Sources */,
				1EA5339E1AAAB34F003C3541 /* Frameworks */,
				1EA5339F1AAAB34F003C3541 /* Resources */,
			);
			buildRules = (
			);
			dependencies = (
			);
			name = JSGraphKit;
			productName = JSGraphKit;
			productReference = 1EA533A11AAAB34F003C3541 /* JSGraphKit.app */;
			productType = "com.apple.product-type.application";
		};
		1EA533B91AAAB34F003C3541 /* JSGraphKitTests */ = {
			isa = PBXNativeTarget;
			buildConfigurationList = 1EA533C71AAAB34F003C3541 /* Build configuration list for PBXNativeTarget "JSGraphKitTests" */;
			buildPhases = (
				1EA533B61AAAB34F003C3541 /* Sources */,
				1EA533B71AAAB34F003C3541 /* Frameworks */,
				1EA533B81AAAB34F003C3541 /* Resources */,
			);
			buildRules = (
			);
			dependencies = (
				1EA533BC1AAAB34F003C3541 /* PBXTargetDependency */,
			);
			name = JSGraphKitTests;
			productName = JSGraphKitTests;
			productReference = 1EA533BA1AAAB34F003C3541 /* JSGraphKitTests.xctest */;
			productType = "com.apple.product-type.bundle.unit-test";
		};
/* End PBXNativeTarget section */

/* Begin PBXProject section */
		1EA533991AAAB34F003C3541 /* Project object */ = {
			isa = PBXProject;
			attributes = {
				LastUpgradeCheck = 0610;
				ORGANIZATIONNAME = "John Setting";
				TargetAttributes = {
					1EA533A01AAAB34F003C3541 = {
						CreatedOnToolsVersion = 6.1.1;
					};
					1EA533B91AAAB34F003C3541 = {
						CreatedOnToolsVersion = 6.1.1;
						TestTargetID = 1EA533A01AAAB34F003C3541;
					};
				};
			};
			buildConfigurationList = 1EA5339C1AAAB34F003C3541 /* Build configuration list for PBXProject "JSGraphKit" */;
			compatibilityVersion = "Xcode 3.2";
			developmentRegion = English;
			hasScannedForEncodings = 0;
			knownRegions = (
				en,
				Base,
			);
			mainGroup = 1EA533981AAAB34F003C3541;
			productRefGroup = 1EA533A21AAAB34F003C3541 /* Products */;
			projectDirPath = "";
			projectRoot = "";
			targets = (
				1EA533A01AAAB34F003C3541 /* JSGraphKit */,
				1EA533B91AAAB34F003C3541 /* JSGraphKitTests */,
			);
		};
/* End PBXProject section */

/* Begin PBXResourcesBuildPhase section */
		1EA5339F1AAAB34F003C3541 /* Resources */ = {
			isa = PBXResourcesBuildPhase;
			buildActionMask = 2147483647;
			files = (
				1EA533B01AAAB34F003C3541 /* Main.storyboard in Resources */,
				1EA533B51AAAB34F003C3541 /* LaunchScreen.xib in Resources */,
				1EA533B21AAAB34F003C3541 /* Images.xcassets in Resources */,
			);
			runOnlyForDeploymentPostprocessing = 0;
		};
		1EA533B81AAAB34F003C3541 /* Resources */ = {
			isa = PBXResourcesBuildPhase;
			buildActionMask = 2147483647;
			files = (
			);
			runOnlyForDeploymentPostprocessing = 0;
		};
/* End PBXResourcesBuildPhase section */

/* Begin PBXSourcesBuildPhase section */
		1EA5339D1AAAB34F003C3541 /* Sources */ = {
			isa = PBXSourcesBuildPhase;
			buildActionMask = 2147483647;
			files = (
				1EA533DC1AAAB37E003C3541 /* JSScatterPlot.m in Sources */,
				1EA533DA1AAAB37E003C3541 /* JSPlot.m in Sources */,
				1EA533D81AAAB37E003C3541 /* ViewController.m in Sources */,
				1EA533AA1AAAB34F003C3541 /* AppDelegate.m in Sources */,
				1EA533DB1AAAB37E003C3541 /* JSLegend.m in Sources */,
				1EA533DE1AAAB37E003C3541 /* UIColor+JSGraphKit.m in Sources */,
				1EA533D91AAAB37E003C3541 /* JSGraphView.m in Sources */,
				1EA533A71AAAB34F003C3541 /* main.m in Sources */,
				1EA533DD1AAAB37E003C3541 /* JSBarPlot.m in Sources */,
			);
			runOnlyForDeploymentPostprocessing = 0;
		};
		1EA533B61AAAB34F003C3541 /* Sources */ = {
			isa = PBXSourcesBuildPhase;
			buildActionMask = 2147483647;
			files = (
				1EA533C11AAAB34F003C3541 /* JSGraphKitTests.m in Sources */,
			);
			runOnlyForDeploymentPostprocessing = 0;
		};
/* End PBXSourcesBuildPhase section */

/* Begin PBXTargetDependency section */
		1EA533BC1AAAB34F003C3541 /* PBXTargetDependency */ = {
			isa = PBXTargetDependency;
			target = 1EA533A01AAAB34F003C3541 /* JSGraphKit */;
			targetProxy = 1EA533BB1AAAB34F003C3541 /* PBXContainerItemProxy */;
		};
/* End PBXTargetDependency section */

/* Begin PBXVariantGroup section */
		1EA533AE1AAAB34F003C3541 /* Main.storyboard */ = {
			isa = PBXVariantGroup;
			children = (
				1EA533AF1AAAB34F003C3541 /* Base */,
			);
			name = Main.storyboard;
			sourceTree = "<group>";
		};
		1EA533B31AAAB34F003C3541 /* LaunchScreen.xib */ = {
			isa = PBXVariantGroup;
			children = (
				1EA533B41AAAB34F003C3541 /* Base */,
			);
			name = LaunchScreen.xib;
			sourceTree = "<group>";
		};
/* End PBXVariantGroup section */

/* Begin XCBuildConfiguration section */
		1EA533C21AAAB34F003C3541 /* Debug */ = {
			isa = XCBuildConfiguration;
			buildSettings = {
				ALWAYS_SEARCH_USER_PATHS = NO;
				CLANG_CXX_LANGUAGE_STANDARD = "gnu++0x";
				CLANG_CXX_LIBRARY = "libc++";
				CLANG_ENABLE_MODULES = YES;
				CLANG_ENABLE_OBJC_ARC = YES;
				CLANG_WARN_BOOL_CONVERSION = YES;
				CLANG_WARN_CONSTANT_CONVERSION = YES;
				CLANG_WARN_DIRECT_OBJC_ISA_USAGE = YES_ERROR;
				CLANG_WARN_EMPTY_BODY = YES;
				CLANG_WARN_ENUM_CONVERSION = YES;
				CLANG_WARN_INT_CONVERSION = YES;
				CLANG_WARN_OBJC_ROOT_CLASS = YES_ERROR;
				CLANG_WARN_UNREACHABLE_CODE = YES;
				CLANG_WARN__DUPLICATE_METHOD_MATCH = YES;
				"CODE_SIGN_IDENTITY[sdk=iphoneos*]" = "iPhone Developer";
				COPY_PHASE_STRIP = NO;
				ENABLE_STRICT_OBJC_MSGSEND = YES;
				GCC_C_LANGUAGE_STANDARD = gnu99;
				GCC_DYNAMIC_NO_PIC = NO;
				GCC_OPTIMIZATION_LEVEL = 0;
				GCC_PREPROCESSOR_DEFINITIONS = (
					"DEBUG=1",
					"$(inherited)",
				);
				GCC_SYMBOLS_PRIVATE_EXTERN = NO;
				GCC_WARN_64_TO_32_BIT_CONVERSION = YES;
				GCC_WARN_ABOUT_RETURN_TYPE = YES_ERROR;
				GCC_WARN_UNDECLARED_SELECTOR = YES;
				GCC_WARN_UNINITIALIZED_AUTOS = YES_AGGRESSIVE;
				GCC_WARN_UNUSED_FUNCTION = YES;
				GCC_WARN_UNUSED_VARIABLE = YES;
				IPHONEOS_DEPLOYMENT_TARGET = 8.1;
				MTL_ENABLE_DEBUG_INFO = YES;
				ONLY_ACTIVE_ARCH = YES;
				SDKROOT = iphoneos;
			};
			name = Debug;
		};
		1EA533C31AAAB34F003C3541 /* Release */ = {
			isa = XCBuildConfiguration;
			buildSettings = {
				ALWAYS_SEARCH_USER_PATHS = NO;
				CLANG_CXX_LANGUAGE_STANDARD = "gnu++0x";
				CLANG_CXX_LIBRARY = "libc++";
				CLANG_ENABLE_MODULES = YES;
				CLANG_ENABLE_OBJC_ARC = YES;
				CLANG_WARN_BOOL_CONVERSION = YES;
				CLANG_WARN_CONSTANT_CONVERSION = YES;
				CLANG_WARN_DIRECT_OBJC_ISA_USAGE = YES_ERROR;
				CLANG_WARN_EMPTY_BODY = YES;
				CLANG_WARN_ENUM_CONVERSION = YES;
				CLANG_WARN_INT_CONVERSION = YES;
				CLANG_WARN_OBJC_ROOT_CLASS = YES_ERROR;
				CLANG_WARN_UNREACHABLE_CODE = YES;
				CLANG_WARN__DUPLICATE_METHOD_MATCH = YES;
				"CODE_SIGN_IDENTITY[sdk=iphoneos*]" = "iPhone Developer";
				COPY_PHASE_STRIP = YES;
				ENABLE_NS_ASSERTIONS = NO;
				ENABLE_STRICT_OBJC_MSGSEND = YES;
				GCC_C_LANGUAGE_STANDARD = gnu99;
				GCC_WARN_64_TO_32_BIT_CONVERSION = YES;
				GCC_WARN_ABOUT_RETURN_TYPE = YES_ERROR;
				GCC_WARN_UNDECLARED_SELECTOR = YES;
				GCC_WARN_UNINITIALIZED_AUTOS = YES_AGGRESSIVE;
				GCC_WARN_UNUSED_FUNCTION = YES;
				GCC_WARN_UNUSED_VARIABLE = YES;
				IPHONEOS_DEPLOYMENT_TARGET = 8.1;
				MTL_ENABLE_DEBUG_INFO = NO;
				SDKROOT = iphoneos;
				VALIDATE_PRODUCT = YES;
			};
			name = Release;
		};
		1EA533C51AAAB34F003C3541 /* Debug */ = {
			isa = XCBuildConfiguration;
			buildSettings = {
				ASSETCATALOG_COMPILER_APPICON_NAME = AppIcon;
				INFOPLIST_FILE = JSGraphKit/Info.plist;
				LD_RUNPATH_SEARCH_PATHS = "$(inherited) @executable_path/Frameworks";
				PRODUCT_NAME = "$(TARGET_NAME)";
			};
			name = Debug;
		};
		1EA533C61AAAB34F003C3541 /* Release */ = {
			isa = XCBuildConfiguration;
			buildSettings = {
				ASSETCATALOG_COMPILER_APPICON_NAME = AppIcon;
				INFOPLIST_FILE = JSGraphKit/Info.plist;
				LD_RUNPATH_SEARCH_PATHS = "$(inherited) @executable_path/Frameworks";
				PRODUCT_NAME = "$(TARGET_NAME)";
			};
			name = Release;
		};
		1EA533C81AAAB34F003C3541 /* Debug */ = {
			isa = XCBuildConfiguration;
			buildSettings = {
				BUNDLE_LOADER = "$(TEST_HOST)";
				FRAMEWORK_SEARCH_PATHS = (
					"$(SDKROOT)/Developer/Library/Frameworks",
					"$(inherited)",
				);
				GCC_PREPROCESSOR_DEFINITIONS = (
					"DEBUG=1",
					"$(inherited)",
				);
				INFOPLIST_FILE = JSGraphKitTests/Info.plist;
				LD_RUNPATH_SEARCH_PATHS = "$(inherited) @executable_path/Frameworks @loader_path/Frameworks";
				PRODUCT_NAME = "$(TARGET_NAME)";
				TEST_HOST = "$(BUILT_PRODUCTS_DIR)/JSGraphKit.app/JSGraphKit";
			};
			name = Debug;
		};
		1EA533C91AAAB34F003C3541 /* Release */ = {
			isa = XCBuildConfiguration;
			buildSettings = {
				BUNDLE_LOADER = "$(TEST_HOST)";
				FRAMEWORK_SEARCH_PATHS = (
					"$(SDKROOT)/Developer/Library/Frameworks",
					"$(inherited)",
				);
				INFOPLIST_FILE = JSGraphKitTests/Info.plist;
				LD_RUNPATH_SEARCH_PATHS = "$(inherited) @executable_path/Frameworks @loader_path/Frameworks";
				PRODUCT_NAME = "$(TARGET_NAME)";
				TEST_HOST = "$(BUILT_PRODUCTS_DIR)/JSGraphKit.app/JSGraphKit";
			};
			name = Release;
		};
/* End XCBuildConfiguration section */

/* Begin XCConfigurationList section */
		1EA5339C1AAAB34F003C3541 /* Build configuration list for PBXProject "JSGraphKit" */ = {
			isa = XCConfigurationList;
			buildConfigurations = (
				1EA533C21AAAB34F003C3541 /* Debug */,
				1EA533C31AAAB34F003C3541 /* Release */,
			);
			defaultConfigurationIsVisible = 0;
			defaultConfigurationName = Release;
		};
		1EA533C41AAAB34F003C3541 /* Build configuration list for PBXNativeTarget "JSGraphKit" */ = {
			isa = XCConfigurationList;
			buildConfigurations = (
				1EA533C51AAAB34F003C3541 /* Debug */,
				1EA533C61AAAB34F003C3541 /* Release */,
			);
			defaultConfigurationIsVisible = 0;
		};
		1EA533C71AAAB34F003C3541 /* Build configuration list for PBXNativeTarget "JSGraphKitTests" */ = {
			isa = XCConfigurationList;
			buildConfigurations = (
				1EA533C81AAAB34F003C3541 /* Debug */,
				1EA533C91AAAB34F003C3541 /* Release */,
			);
			defaultConfigurationIsVisible = 0;
		};
/* End XCConfigurationList section */
	};
	rootObject = 1EA533991AAAB34F003C3541 /* Project object */;
}
